// !$*UTF8*$!
{
	archiveVersion = 1;
	classes = {
	};
	objectVersion = 46;
	objects = {

/* Begin PBXBuildFile section */
		406FFE041EF9924700941128 /* AppDelegate.swift in Sources */ = {isa = PBXBuildFile; fileRef = 406FFE031EF9924700941128 /* AppDelegate.swift */; };
		406FFE061EF9924700941128 /* ViewController.swift in Sources */ = {isa = PBXBuildFile; fileRef = 406FFE051EF9924700941128 /* ViewController.swift */; };
		406FFE091EF9924700941128 /* Main.storyboard in Resources */ = {isa = PBXBuildFile; fileRef = 406FFE071EF9924700941128 /* Main.storyboard */; };
		406FFE0B1EF9924700941128 /* Assets.xcassets in Resources */ = {isa = PBXBuildFile; fileRef = 406FFE0A1EF9924700941128 /* Assets.xcassets */; };
		406FFE0E1EF9924700941128 /* LaunchScreen.storyboard in Resources */ = {isa = PBXBuildFile; fileRef = 406FFE0C1EF9924700941128 /* LaunchScreen.storyboard */; };
		406FFE161EF9961400941128 /* pokemon.csv in Resources */ = {isa = PBXBuildFile; fileRef = 406FFE151EF9961400941128 /* pokemon.csv */; };
		406FFE191EF9987100941128 /* Pokemon.swift in Sources */ = {isa = PBXBuildFile; fileRef = 406FFE181EF9987100941128 /* Pokemon.swift */; };
/* End PBXBuildFile section */

/* Begin PBXFileReference section */
		406FFE001EF9924700941128 /* Pokedex.app */ = {isa = PBXFileReference; explicitFileType = wrapper.application; includeInIndex = 0; path = Pokedex.app; sourceTree = BUILT_PRODUCTS_DIR; };
		406FFE031EF9924700941128 /* AppDelegate.swift */ = {isa = PBXFileReference; lastKnownFileType = sourcecode.swift; path = AppDelegate.swift; sourceTree = "<group>"; };
		406FFE051EF9924700941128 /* ViewController.swift */ = {isa = PBXFileReference; lastKnownFileType = sourcecode.swift; path = ViewController.swift; sourceTree = "<group>"; };
		406FFE081EF9924700941128 /* Base */ = {isa = PBXFileReference; lastKnownFileType = file.storyboard; name = Base; path = Base.lproj/Main.storyboard; sourceTree = "<group>"; };
		406FFE0A1EF9924700941128 /* Assets.xcassets */ = {isa = PBXFileReference; lastKnownFileType = folder.assetcatalog; path = Assets.xcassets; sourceTree = "<group>"; };
		406FFE0D1EF9924700941128 /* Base */ = {isa = PBXFileReference; lastKnownFileType = file.storyboard; name = Base; path = Base.lproj/LaunchScreen.storyboard; sourceTree = "<group>"; };
		406FFE0F1EF9924700941128 /* Info.plist */ = {isa = PBXFileReference; lastKnownFileType = text.plist.xml; path = Info.plist; sourceTree = "<group>"; };
		406FFE151EF9961400941128 /* pokemon.csv */ = {isa = PBXFileReference; fileEncoding = 4; lastKnownFileType = text; path = pokemon.csv; sourceTree = "<group>"; };
		406FFE181EF9987100941128 /* Pokemon.swift */ = {isa = PBXFileReference; fileEncoding = 4; lastKnownFileType = sourcecode.swift; path = Pokemon.swift; sourceTree = "<group>"; };
/* End PBXFileReference section */

/* Begin PBXFrameworksBuildPhase section */
		406FFDFD1EF9924700941128 /* Frameworks */ = {
			isa = PBXFrameworksBuildPhase;
			buildActionMask = 2147483647;
			files = (
			);
			runOnlyForDeploymentPostprocessing = 0;
		};
/* End PBXFrameworksBuildPhase section */

/* Begin PBXGroup section */
		406FFDF71EF9924700941128 = {
			isa = PBXGroup;
			children = (
				406FFE021EF9924700941128 /* Pokedex */,
				406FFE011EF9924700941128 /* Products */,
			);
			sourceTree = "<group>";
		};
		406FFE011EF9924700941128 /* Products */ = {
			isa = PBXGroup;
			children = (
				406FFE001EF9924700941128 /* Pokedex.app */,
			);
			name = Products;
			sourceTree = "<group>";
		};
		406FFE021EF9924700941128 /* Pokedex */ = {
			isa = PBXGroup;
			children = (
				406FFE171EF9986200941128 /* Model */,
				406FFE151EF9961400941128 /* pokemon.csv */,
				406FFE031EF9924700941128 /* AppDelegate.swift */,
				406FFE051EF9924700941128 /* ViewController.swift */,
				406FFE071EF9924700941128 /* Main.storyboard */,
				406FFE0A1EF9924700941128 /* Assets.xcassets */,
				406FFE0C1EF9924700941128 /* LaunchScreen.storyboard */,
				406FFE0F1EF9924700941128 /* Info.plist */,
			);
			path = Pokedex;
			sourceTree = "<group>";
		};
		406FFE171EF9986200941128 /* Model */ = {
			isa = PBXGroup;
			children = (
				406FFE181EF9987100941128 /* Pokemon.swift */,
			);
			name = Model;
			sourceTree = "<group>";
		};
/* End PBXGroup section */

/* Begin PBXNativeTarget section */
		406FFDFF1EF9924700941128 /* Pokedex */ = {
			isa = PBXNativeTarget;
			buildConfigurationList = 406FFE121EF9924700941128 /* Build configuration list for PBXNativeTarget "Pokedex" */;
			buildPhases = (
				406FFDFC1EF9924700941128 /* Sources */,
				406FFDFD1EF9924700941128 /* Frameworks */,
				406FFDFE1EF9924700941128 /* Resources */,
			);
			buildRules = (
			);
			dependencies = (
			);
			name = Pokedex;
			productName = Pokedex;
			productReference = 406FFE001EF9924700941128 /* Pokedex.app */;
			productType = "com.apple.product-type.application";
		};
/* End PBXNativeTarget section */

/* Begin PBXProject section */
		406FFDF81EF9924700941128 /* Project object */ = {
			isa = PBXProject;
			attributes = {
				LastSwiftUpdateCheck = 0830;
				LastUpgradeCheck = 0830;
				ORGANIZATIONNAME = ShivamSharma;
				TargetAttributes = {
					406FFDFF1EF9924700941128 = {
						CreatedOnToolsVersion = 8.3.2;
						DevelopmentTeam = 9K8RYNA3CD;
						ProvisioningStyle = Automatic;
					};
				};
			};
			buildConfigurationList = 406FFDFB1EF9924700941128 /* Build configuration list for PBXProject "Pokedex" */;
			compatibilityVersion = "Xcode 3.2";
			developmentRegion = English;
			hasScannedForEncodings = 0;
			knownRegions = (
				en,
				Base,
			);
			mainGroup = 406FFDF71EF9924700941128;
			productRefGroup = 406FFE011EF9924700941128 /* Products */;
			projectDirPath = "";
			projectRoot = "";
			targets = (
				406FFDFF1EF9924700941128 /* Pokedex */,
			);
		};
/* End PBXProject section */

/* Begin PBXResourcesBuildPhase section */
		406FFDFE1EF9924700941128 /* Resources */ = {
			isa = PBXResourcesBuildPhase;
			buildActionMask = 2147483647;
			files = (
				406FFE0E1EF9924700941128 /* LaunchScreen.storyboard in Resources */,
				406FFE0B1EF9924700941128 /* Assets.xcassets in Resources */,
				406FFE161EF9961400941128 /* pokemon.csv in Resources */,
				406FFE091EF9924700941128 /* Main.storyboard in Resources */,
			);
			runOnlyForDeploymentPostprocessing = 0;
		};
/* End PBXResourcesBuildPhase section */

/* Begin PBXSourcesBuildPhase section */
		406FFDFC1EF9924700941128 /* Sources */ = {
			isa = PBXSourcesBuildPhase;
			buildActionMask = 2147483647;
			files = (
				406FFE061EF9924700941128 /* ViewController.swift in Sources */,
				406FFE041EF9924700941128 /* AppDelegate.swift in Sources */,
				406FFE191EF9987100941128 /* Pokemon.swift in Sources */,
			);
			runOnlyForDeploymentPostprocessing = 0;
		};
/* End PBXSourcesBuildPhase section */

/* Begin PBXVariantGroup section */
		406FFE071EF9924700941128 /* Main.storyboard */ = {
			isa = PBXVariantGroup;
			children = (
				406FFE081EF9924700941128 /* Base */,
			);
			name = Main.storyboard;
			sourceTree = "<group>";
		};
		406FFE0C1EF9924700941128 /* LaunchScreen.storyboard */ = {
			isa = PBXVariantGroup;
			children = (
				406FFE0D1EF9924700941128 /* Base */,
			);
			name = LaunchScreen.storyboard;
			sourceTree = "<group>";
		};
/* End PBXVariantGroup section */

/* Begin XCBuildConfiguration section */
		406FFE101EF9924700941128 /* Debug */ = {
			isa = XCBuildConfiguration;
			buildSettings = {
				ALWAYS_SEARCH_USER_PATHS = NO;
				CLANG_ANALYZER_NONNULL = YES;
				CLANG_ANALYZER_NUMBER_OBJECT_CONVERSION = YES_AGGRESSIVE;
				CLANG_CXX_LANGUAGE_STANDARD = "gnu++0x";
				CLANG_CXX_LIBRARY = "libc++";
				CLANG_ENABLE_MODULES = YES;
				CLANG_ENABLE_OBJC_ARC = YES;
				CLANG_WARN_BOOL_CONVERSION = YES;
				CLANG_WARN_CONSTANT_CONVERSION = YES;
				CLANG_WARN_DIRECT_OBJC_ISA_USAGE = YES_ERROR;
				CLANG_WARN_DOCUMENTATION_COMMENTS = YES;
				CLANG_WARN_EMPTY_BODY = YES;
				CLANG_WARN_ENUM_CONVERSION = YES;
				CLANG_WARN_INFINITE_RECURSION = YES;
				CLANG_WARN_INT_CONVERSION = YES;
				CLANG_WARN_OBJC_ROOT_CLASS = YES_ERROR;
				CLANG_WARN_SUSPICIOUS_MOVE = YES;
				CLANG_WARN_UNREACHABLE_CODE = YES;
				CLANG_WARN__DUPLICATE_METHOD_MATCH = YES;
				"CODE_SIGN_IDENTITY[sdk=iphoneos*]" = "iPhone Developer";
				COPY_PHASE_STRIP = NO;
				DEBUG_INFORMATION_FORMAT = dwarf;
				ENABLE_STRICT_OBJC_MSGSEND = YES;
				ENABLE_TESTABILITY = YES;
				GCC_C_LANGUAGE_STANDARD = gnu99;
				GCC_DYNAMIC_NO_PIC = NO;
				GCC_NO_COMMON_BLOCKS = YES;
				GCC_OPTIMIZATION_LEVEL = 0;
				GCC_PREPROCESSOR_DEFINITIONS = (
					"DEBUG=1",
					"$(inherited)",
				);
				GCC_WARN_64_TO_32_BIT_CONVERSION = YES;
				GCC_WARN_ABOUT_RETURN_TYPE = YES_ERROR;
				GCC_WARN_UNDECLARED_SELECTOR = YES;
				GCC_WARN_UNINITIALIZED_AUTOS = YES_AGGRESSIVE;
				GCC_WARN_UNUSED_FUNCTION = YES;
				GCC_WARN_UNUSED_VARIABLE = YES;
				IPHONEOS_DEPLOYMENT_TARGET = 10.3;
				MTL_ENABLE_DEBUG_INFO = YES;
				ONLY_ACTIVE_ARCH = YES;
				SDKROOT = iphoneos;
				SWIFT_ACTIVE_COMPILATION_CONDITIONS = DEBUG;
				SWIFT_OPTIMIZATION_LEVEL = "-Onone";
				TARGETED_DEVICE_FAMILY = "1,2";
			};
			name = Debug;
		};
		406FFE111EF9924700941128 /* Release */ = {
			isa = XCBuildConfiguration;
			buildSettings = {
				ALWAYS_SEARCH_USER_PATHS = NO;
				CLANG_ANALYZER_NONNULL = YES;
				CLANG_ANALYZER_NUMBER_OBJECT_CONVERSION = YES_AGGRESSIVE;
				CLANG_CXX_LANGUAGE_STANDARD = "gnu++0x";
				CLANG_CXX_LIBRARY = "libc++";
				CLANG_ENABLE_MODULES = YES;
				CLANG_ENABLE_OBJC_ARC = YES;
				CLANG_WARN_BOOL_CONVERSION = YES;
				CLANG_WARN_CONSTANT_CONVERSION = YES;
				CLANG_WARN_DIRECT_OBJC_ISA_USAGE = YES_ERROR;
				CLANG_WARN_DOCUMENTATION_COMMENTS = YES;
				CLANG_WARN_EMPTY_BODY = YES;
				CLANG_WARN_ENUM_CONVERSION = YES;
				CLANG_WARN_INFINITE_RECURSION = YES;
				CLANG_WARN_INT_CONVERSION = YES;
				CLANG_WARN_OBJC_ROOT_CLASS = YES_ERROR;
				CLANG_WARN_SUSPICIOUS_MOVE = YES;
				CLANG_WARN_UNREACHABLE_CODE = YES;
				CLANG_WARN__DUPLICATE_METHOD_MATCH = YES;
				"CODE_SIGN_IDENTITY[sdk=iphoneos*]" = "iPhone Developer";
				COPY_PHASE_STRIP = NO;
				DEBUG_INFORMATION_FORMAT = "dwarf-with-dsym";
				ENABLE_NS_ASSERTIONS = NO;
				ENABLE_STRICT_OBJC_MSGSEND = YES;
				GCC_C_LANGUAGE_STANDARD = gnu99;
				GCC_NO_COMMON_BLOCKS = YES;
				GCC_WARN_64_TO_32_BIT_CONVERSION = YES;
				GCC_WARN_ABOUT_RETURN_TYPE = YES_ERROR;
				GCC_WARN_UNDECLARED_SELECTOR = YES;
				GCC_WARN_UNINITIALIZED_AUTOS = YES_AGGRESSIVE;
				GCC_WARN_UNUSED_FUNCTION = YES;
				GCC_WARN_UNUSED_VARIABLE = YES;
				IPHONEOS_DEPLOYMENT_TARGET = 10.3;
				MTL_ENABLE_DEBUG_INFO = NO;
				SDKROOT = iphoneos;
				SWIFT_OPTIMIZATION_LEVEL = "-Owholemodule";
				TARGETED_DEVICE_FAMILY = "1,2";
				VALIDATE_PRODUCT = YES;
			};
			name = Release;
		};
		406FFE131EF9924700941128 /* Debug */ = {
			isa = XCBuildConfiguration;
			buildSettings = {
				ASSETCATALOG_COMPILER_APPICON_NAME = AppIcon;
				DEVELOPMENT_TEAM = 9K8RYNA3CD;
				INFOPLIST_FILE = Pokedex/Info.plist;
				LD_RUNPATH_SEARCH_PATHS = "$(inherited) @executable_path/Frameworks";
				PRODUCT_BUNDLE_IDENTIFIER = com.ShivamSharma.Pokedex;
				PRODUCT_NAME = "$(TARGET_NAME)";
				SWIFT_VERSION = 3.0;
			};
			name = Debug;
		};
		406FFE141EF9924700941128 /* Release */ = {
			isa = XCBuildConfiguration;
			buildSettings = {
				ASSETCATALOG_COMPILER_APPICON_NAME = AppIcon;
				DEVELOPMENT_TEAM = 9K8RYNA3CD;
				INFOPLIST_FILE = Pokedex/Info.plist;
				LD_RUNPATH_SEARCH_PATHS = "$(inherited) @executable_path/Frameworks";
				PRODUCT_BUNDLE_IDENTIFIER = com.ShivamSharma.Pokedex;
				PRODUCT_NAME = "$(TARGET_NAME)";
				SWIFT_VERSION = 3.0;
			};
			name = Release;
		};
/* End XCBuildConfiguration section */

/* Begin XCConfigurationList section */
		406FFDFB1EF9924700941128 /* Build configuration list for PBXProject "Pokedex" */ = {
			isa = XCConfigurationList;
			buildConfigurations = (
				406FFE101EF9924700941128 /* Debug */,
				406FFE111EF9924700941128 /* Release */,
			);
			defaultConfigurationIsVisible = 0;
			defaultConfigurationName = Release;
		};
		406FFE121EF9924700941128 /* Build configuration list for PBXNativeTarget "Pokedex" */ = {
			isa = XCConfigurationList;
			buildConfigurations = (
				406FFE131EF9924700941128 /* Debug */,
				406FFE141EF9924700941128 /* Release */,
			);
			defaultConfigurationIsVisible = 0;
		};
/* End XCConfigurationList section */
	};
	rootObject = 406FFDF81EF9924700941128 /* Project object */;
}
